// !$*UTF8*$!
{
	archiveVersion = 1;
	classes = {
	};
	objectVersion = 55;
	objects = {

/* Begin PBXBuildFile section */
		C5078BAC2948711C00BC6A1C /* MainView.swift in Sources */ = {isa = PBXBuildFile; fileRef = C5078BAB2948711C00BC6A1C /* MainView.swift */; };
		C5078BAE2948767300BC6A1C /* SharedTasksListView.swift in Sources */ = {isa = PBXBuildFile; fileRef = C5078BAD2948767300BC6A1C /* SharedTasksListView.swift */; };
		C51D5AB9290A9E4B00A6C2C1 /* taskedApp.swift in Sources */ = {isa = PBXBuildFile; fileRef = C51D5AB8290A9E4B00A6C2C1 /* taskedApp.swift */; };
		C51D5ABB290A9E4B00A6C2C1 /* MyTasksListView.swift in Sources */ = {isa = PBXBuildFile; fileRef = C51D5ABA290A9E4B00A6C2C1 /* MyTasksListView.swift */; };
		C51D5ABD290A9E4E00A6C2C1 /* Assets.xcassets in Resources */ = {isa = PBXBuildFile; fileRef = C51D5ABC290A9E4E00A6C2C1 /* Assets.xcassets */; };
		C51D5AC0290A9E4E00A6C2C1 /* Preview Assets.xcassets in Resources */ = {isa = PBXBuildFile; fileRef = C51D5ABF290A9E4E00A6C2C1 /* Preview Assets.xcassets */; };
		C51D5ACA290A9E4E00A6C2C1 /* taskedTests.swift in Sources */ = {isa = PBXBuildFile; fileRef = C51D5AC9290A9E4E00A6C2C1 /* taskedTests.swift */; };
		C51D5AD4290A9E4E00A6C2C1 /* taskedUITests.swift in Sources */ = {isa = PBXBuildFile; fileRef = C51D5AD3290A9E4E00A6C2C1 /* taskedUITests.swift */; };
		C51D5AD6290A9E4E00A6C2C1 /* taskedUITestsLaunchTests.swift in Sources */ = {isa = PBXBuildFile; fileRef = C51D5AD5290A9E4E00A6C2C1 /* taskedUITestsLaunchTests.swift */; };
		C522DC6E291026E300097296 /* CustomTask.swift in Sources */ = {isa = PBXBuildFile; fileRef = C522DC6D291026E300097296 /* CustomTask.swift */; };
		C522DC722910307D00097296 /* TaskCellViewModel.swift in Sources */ = {isa = PBXBuildFile; fileRef = C522DC712910307D00097296 /* TaskCellViewModel.swift */; };
		C522DC742910331400097296 /* TaskListViewModel.swift in Sources */ = {isa = PBXBuildFile; fileRef = C522DC732910331400097296 /* TaskListViewModel.swift */; };
		C522DC792910441A00097296 /* GoogleService-Info.plist in Resources */ = {isa = PBXBuildFile; fileRef = C522DC782910441A00097296 /* GoogleService-Info.plist */; };
		C522DC83291084B600097296 /* TaskRepository.swift in Sources */ = {isa = PBXBuildFile; fileRef = C522DC82291084B600097296 /* TaskRepository.swift */; };
		C55F614A2940BCB4001825FA /* AddNewTaskView.swift in Sources */ = {isa = PBXBuildFile; fileRef = C55F61492940BCB4001825FA /* AddNewTaskView.swift */; };
		C5A2B71D2968C0800066E78C /* AddNewSharedTaskView.swift in Sources */ = {isa = PBXBuildFile; fileRef = C5A2B71C2968C0800066E78C /* AddNewSharedTaskView.swift */; };
		C5A2B71F2969DECC0066E78C /* TaskInviteRepository.swift in Sources */ = {isa = PBXBuildFile; fileRef = C5A2B71E2969DECC0066E78C /* TaskInviteRepository.swift */; };
		C5A2B7212969DEFB0066E78C /* CustomInvite.swift in Sources */ = {isa = PBXBuildFile; fileRef = C5A2B7202969DEFB0066E78C /* CustomInvite.swift */; };
		C5A2B7232969E9D50066E78C /* InvitesView.swift in Sources */ = {isa = PBXBuildFile; fileRef = C5A2B7222969E9D50066E78C /* InvitesView.swift */; };
		C5A2B725296B42380066E78C /* TaskMembersRepository.swift in Sources */ = {isa = PBXBuildFile; fileRef = C5A2B724296B42370066E78C /* TaskMembersRepository.swift */; };
		C5AECC232964C3150011E4F2 /* ProfileView.swift in Sources */ = {isa = PBXBuildFile; fileRef = C5AECC222964C3150011E4F2 /* ProfileView.swift */; };
		C5AECC262964C4660011E4F2 /* UserSettings.swift in Sources */ = {isa = PBXBuildFile; fileRef = C5AECC252964C4660011E4F2 /* UserSettings.swift */; };
		C5AECC282964C49C0011E4F2 /* SettingsView.swift in Sources */ = {isa = PBXBuildFile; fileRef = C5AECC272964C49C0011E4F2 /* SettingsView.swift */; };
		C5AECC2A2964D5290011E4F2 /* StorageManager.swift in Sources */ = {isa = PBXBuildFile; fileRef = C5AECC292964D5290011E4F2 /* StorageManager.swift */; };
		C5AECC2D2964D88E0011E4F2 /* FirebaseAuth in Frameworks */ = {isa = PBXBuildFile; productRef = C5AECC2C2964D88E0011E4F2 /* FirebaseAuth */; };
		C5AECC2F2964D88E0011E4F2 /* FirebaseDatabase in Frameworks */ = {isa = PBXBuildFile; productRef = C5AECC2E2964D88E0011E4F2 /* FirebaseDatabase */; };
		C5AECC312964D88E0011E4F2 /* FirebaseDatabaseSwift in Frameworks */ = {isa = PBXBuildFile; productRef = C5AECC302964D88E0011E4F2 /* FirebaseDatabaseSwift */; };
		C5AECC332964D88E0011E4F2 /* FirebaseFirestore in Frameworks */ = {isa = PBXBuildFile; productRef = C5AECC322964D88E0011E4F2 /* FirebaseFirestore */; };
		C5AECC352964D88E0011E4F2 /* FirebaseFirestoreSwift in Frameworks */ = {isa = PBXBuildFile; productRef = C5AECC342964D88E0011E4F2 /* FirebaseFirestoreSwift */; };
		C5AECC372964D88E0011E4F2 /* FirebaseFunctions in Frameworks */ = {isa = PBXBuildFile; productRef = C5AECC362964D88E0011E4F2 /* FirebaseFunctions */; };
		C5AECC392964D88E0011E4F2 /* FirebaseStorage in Frameworks */ = {isa = PBXBuildFile; productRef = C5AECC382964D88E0011E4F2 /* FirebaseStorage */; };
		C5AECC9D2964EC280011E4F2 /* ViewDidLoadModifier.swift in Sources */ = {isa = PBXBuildFile; fileRef = C5AECC9C2964EC280011E4F2 /* ViewDidLoadModifier.swift */; };
		C5AECC9F29656DE50011E4F2 /* UIImage+Extension.swift in Sources */ = {isa = PBXBuildFile; fileRef = C5AECC9E29656DE50011E4F2 /* UIImage+Extension.swift */; };
		C5AECDB8296619980011E4F2 /* UserManager.swift in Sources */ = {isa = PBXBuildFile; fileRef = C5AECDB7296619980011E4F2 /* UserManager.swift */; };
		C5AECDBB2966306A0011E4F2 /* AlertToast in Frameworks */ = {isa = PBXBuildFile; productRef = C5AECDBA2966306A0011E4F2 /* AlertToast */; };
		C5AECDBD296642680011E4F2 /* UserInfo.swift in Sources */ = {isa = PBXBuildFile; fileRef = C5AECDBC296642680011E4F2 /* UserInfo.swift */; };
		C5AECF5E29684B440011E4F2 /* ImageLoader.swift in Sources */ = {isa = PBXBuildFile; fileRef = C5AECF5D29684B440011E4F2 /* ImageLoader.swift */; };
		C5AECF6029684BD70011E4F2 /* ProfileURLImage.swift in Sources */ = {isa = PBXBuildFile; fileRef = C5AECF5F29684BD70011E4F2 /* ProfileURLImage.swift */; };
		C5AECF642968AE9B0011E4F2 /* SharedTaskRepository.swift in Sources */ = {isa = PBXBuildFile; fileRef = C5AECF632968AE9B0011E4F2 /* SharedTaskRepository.swift */; };
		C5AECF662968B3610011E4F2 /* SharedTaskListViewModel.swift in Sources */ = {isa = PBXBuildFile; fileRef = C5AECF652968B3610011E4F2 /* SharedTaskListViewModel.swift */; };
		C5AECF682968B39D0011E4F2 /* SharedTaskCellViewModel.swift in Sources */ = {isa = PBXBuildFile; fileRef = C5AECF672968B39D0011E4F2 /* SharedTaskCellViewModel.swift */; };
		C5CCE02E296F5B6F0063A4D8 /* OfflineTasksView.swift in Sources */ = {isa = PBXBuildFile; fileRef = C5CCE02D296F5B6F0063A4D8 /* OfflineTasksView.swift */; };
		C5CCE030296F5CA60063A4D8 /* AddNewOfflineTaskView.swift in Sources */ = {isa = PBXBuildFile; fileRef = C5CCE02F296F5CA60063A4D8 /* AddNewOfflineTaskView.swift */; };
		C5CCE032296F7EDD0063A4D8 /* Date+Extension.swift in Sources */ = {isa = PBXBuildFile; fileRef = C5CCE031296F7EDD0063A4D8 /* Date+Extension.swift */; };
/* End PBXBuildFile section */

/* Begin PBXContainerItemProxy section */
		C51D5AC6290A9E4E00A6C2C1 /* PBXContainerItemProxy */ = {
			isa = PBXContainerItemProxy;
			containerPortal = C51D5AAD290A9E4B00A6C2C1 /* Project object */;
			proxyType = 1;
			remoteGlobalIDString = C51D5AB4290A9E4B00A6C2C1;
			remoteInfo = tasked;
		};
		C51D5AD0290A9E4E00A6C2C1 /* PBXContainerItemProxy */ = {
			isa = PBXContainerItemProxy;
			containerPortal = C51D5AAD290A9E4B00A6C2C1 /* Project object */;
			proxyType = 1;
			remoteGlobalIDString = C51D5AB4290A9E4B00A6C2C1;
			remoteInfo = tasked;
		};
/* End PBXContainerItemProxy section */

/* Begin PBXFileReference section */
		C5078BAB2948711C00BC6A1C /* MainView.swift */ = {isa = PBXFileReference; lastKnownFileType = sourcecode.swift; path = MainView.swift; sourceTree = "<group>"; };
		C5078BAD2948767300BC6A1C /* SharedTasksListView.swift */ = {isa = PBXFileReference; lastKnownFileType = sourcecode.swift; path = SharedTasksListView.swift; sourceTree = "<group>"; };
		C51D5AB5290A9E4B00A6C2C1 /* tasked.app */ = {isa = PBXFileReference; explicitFileType = wrapper.application; includeInIndex = 0; path = tasked.app; sourceTree = BUILT_PRODUCTS_DIR; };
		C51D5AB8290A9E4B00A6C2C1 /* taskedApp.swift */ = {isa = PBXFileReference; lastKnownFileType = sourcecode.swift; path = taskedApp.swift; sourceTree = "<group>"; };
		C51D5ABA290A9E4B00A6C2C1 /* MyTasksListView.swift */ = {isa = PBXFileReference; lastKnownFileType = sourcecode.swift; path = MyTasksListView.swift; sourceTree = "<group>"; };
		C51D5ABC290A9E4E00A6C2C1 /* Assets.xcassets */ = {isa = PBXFileReference; lastKnownFileType = folder.assetcatalog; path = Assets.xcassets; sourceTree = "<group>"; };
		C51D5ABF290A9E4E00A6C2C1 /* Preview Assets.xcassets */ = {isa = PBXFileReference; lastKnownFileType = folder.assetcatalog; path = "Preview Assets.xcassets"; sourceTree = "<group>"; };
		C51D5AC5290A9E4E00A6C2C1 /* taskedTests.xctest */ = {isa = PBXFileReference; explicitFileType = wrapper.cfbundle; includeInIndex = 0; path = taskedTests.xctest; sourceTree = BUILT_PRODUCTS_DIR; };
		C51D5AC9290A9E4E00A6C2C1 /* taskedTests.swift */ = {isa = PBXFileReference; lastKnownFileType = sourcecode.swift; path = taskedTests.swift; sourceTree = "<group>"; };
		C51D5ACF290A9E4E00A6C2C1 /* taskedUITests.xctest */ = {isa = PBXFileReference; explicitFileType = wrapper.cfbundle; includeInIndex = 0; path = taskedUITests.xctest; sourceTree = BUILT_PRODUCTS_DIR; };
		C51D5AD3290A9E4E00A6C2C1 /* taskedUITests.swift */ = {isa = PBXFileReference; lastKnownFileType = sourcecode.swift; path = taskedUITests.swift; sourceTree = "<group>"; };
		C51D5AD5290A9E4E00A6C2C1 /* taskedUITestsLaunchTests.swift */ = {isa = PBXFileReference; lastKnownFileType = sourcecode.swift; path = taskedUITestsLaunchTests.swift; sourceTree = "<group>"; };
		C522DC6D291026E300097296 /* CustomTask.swift */ = {isa = PBXFileReference; lastKnownFileType = sourcecode.swift; path = CustomTask.swift; sourceTree = "<group>"; };
		C522DC712910307D00097296 /* TaskCellViewModel.swift */ = {isa = PBXFileReference; lastKnownFileType = sourcecode.swift; path = TaskCellViewModel.swift; sourceTree = "<group>"; };
		C522DC732910331400097296 /* TaskListViewModel.swift */ = {isa = PBXFileReference; lastKnownFileType = sourcecode.swift; path = TaskListViewModel.swift; sourceTree = "<group>"; };
		C522DC782910441A00097296 /* GoogleService-Info.plist */ = {isa = PBXFileReference; fileEncoding = 4; lastKnownFileType = text.plist.xml; name = "GoogleService-Info.plist"; path = "../../../../Downloads/GoogleService-Info.plist"; sourceTree = "<group>"; };
		C522DC82291084B600097296 /* TaskRepository.swift */ = {isa = PBXFileReference; lastKnownFileType = sourcecode.swift; path = TaskRepository.swift; sourceTree = "<group>"; };
		C55F61492940BCB4001825FA /* AddNewTaskView.swift */ = {isa = PBXFileReference; lastKnownFileType = sourcecode.swift; path = AddNewTaskView.swift; sourceTree = "<group>"; };
		C5A2B71C2968C0800066E78C /* AddNewSharedTaskView.swift */ = {isa = PBXFileReference; lastKnownFileType = sourcecode.swift; path = AddNewSharedTaskView.swift; sourceTree = "<group>"; };
		C5A2B71E2969DECC0066E78C /* TaskInviteRepository.swift */ = {isa = PBXFileReference; lastKnownFileType = sourcecode.swift; path = TaskInviteRepository.swift; sourceTree = "<group>"; };
		C5A2B7202969DEFB0066E78C /* CustomInvite.swift */ = {isa = PBXFileReference; lastKnownFileType = sourcecode.swift; path = CustomInvite.swift; sourceTree = "<group>"; };
		C5A2B7222969E9D50066E78C /* InvitesView.swift */ = {isa = PBXFileReference; lastKnownFileType = sourcecode.swift; path = InvitesView.swift; sourceTree = "<group>"; };
		C5A2B724296B42370066E78C /* TaskMembersRepository.swift */ = {isa = PBXFileReference; lastKnownFileType = sourcecode.swift; path = TaskMembersRepository.swift; sourceTree = "<group>"; };
		C5AECC222964C3150011E4F2 /* ProfileView.swift */ = {isa = PBXFileReference; lastKnownFileType = sourcecode.swift; path = ProfileView.swift; sourceTree = "<group>"; };
		C5AECC252964C4660011E4F2 /* UserSettings.swift */ = {isa = PBXFileReference; lastKnownFileType = sourcecode.swift; path = UserSettings.swift; sourceTree = "<group>"; };
		C5AECC272964C49C0011E4F2 /* SettingsView.swift */ = {isa = PBXFileReference; lastKnownFileType = sourcecode.swift; path = SettingsView.swift; sourceTree = "<group>"; };
		C5AECC292964D5290011E4F2 /* StorageManager.swift */ = {isa = PBXFileReference; lastKnownFileType = sourcecode.swift; path = StorageManager.swift; sourceTree = "<group>"; };
		C5AECC9C2964EC280011E4F2 /* ViewDidLoadModifier.swift */ = {isa = PBXFileReference; lastKnownFileType = sourcecode.swift; path = ViewDidLoadModifier.swift; sourceTree = "<group>"; };
		C5AECC9E29656DE50011E4F2 /* UIImage+Extension.swift */ = {isa = PBXFileReference; lastKnownFileType = sourcecode.swift; path = "UIImage+Extension.swift"; sourceTree = "<group>"; };
		C5AECDB7296619980011E4F2 /* UserManager.swift */ = {isa = PBXFileReference; lastKnownFileType = sourcecode.swift; path = UserManager.swift; sourceTree = "<group>"; };
		C5AECDBC296642680011E4F2 /* UserInfo.swift */ = {isa = PBXFileReference; lastKnownFileType = sourcecode.swift; path = UserInfo.swift; sourceTree = "<group>"; };
		C5AECF5D29684B440011E4F2 /* ImageLoader.swift */ = {isa = PBXFileReference; lastKnownFileType = sourcecode.swift; path = ImageLoader.swift; sourceTree = "<group>"; };
		C5AECF5F29684BD70011E4F2 /* ProfileURLImage.swift */ = {isa = PBXFileReference; lastKnownFileType = sourcecode.swift; path = ProfileURLImage.swift; sourceTree = "<group>"; };
		C5AECF632968AE9B0011E4F2 /* SharedTaskRepository.swift */ = {isa = PBXFileReference; lastKnownFileType = sourcecode.swift; path = SharedTaskRepository.swift; sourceTree = "<group>"; };
		C5AECF652968B3610011E4F2 /* SharedTaskListViewModel.swift */ = {isa = PBXFileReference; lastKnownFileType = sourcecode.swift; path = SharedTaskListViewModel.swift; sourceTree = "<group>"; };
		C5AECF672968B39D0011E4F2 /* SharedTaskCellViewModel.swift */ = {isa = PBXFileReference; lastKnownFileType = sourcecode.swift; path = SharedTaskCellViewModel.swift; sourceTree = "<group>"; };
		C5CCE02D296F5B6F0063A4D8 /* OfflineTasksView.swift */ = {isa = PBXFileReference; lastKnownFileType = sourcecode.swift; path = OfflineTasksView.swift; sourceTree = "<group>"; };
		C5CCE02F296F5CA60063A4D8 /* AddNewOfflineTaskView.swift */ = {isa = PBXFileReference; lastKnownFileType = sourcecode.swift; path = AddNewOfflineTaskView.swift; sourceTree = "<group>"; };
		C5CCE031296F7EDD0063A4D8 /* Date+Extension.swift */ = {isa = PBXFileReference; lastKnownFileType = sourcecode.swift; path = "Date+Extension.swift"; sourceTree = "<group>"; };
/* End PBXFileReference section */

/* Begin PBXFrameworksBuildPhase section */
		C51D5AB2290A9E4B00A6C2C1 /* Frameworks */ = {
			isa = PBXFrameworksBuildPhase;
			buildActionMask = 2147483647;
			files = (
				C5AECC352964D88E0011E4F2 /* FirebaseFirestoreSwift in Frameworks */,
				C5AECC312964D88E0011E4F2 /* FirebaseDatabaseSwift in Frameworks */,
				C5AECC332964D88E0011E4F2 /* FirebaseFirestore in Frameworks */,
				C5AECC372964D88E0011E4F2 /* FirebaseFunctions in Frameworks */,
				C5AECC392964D88E0011E4F2 /* FirebaseStorage in Frameworks */,
				C5AECDBB2966306A0011E4F2 /* AlertToast in Frameworks */,
				C5AECC2F2964D88E0011E4F2 /* FirebaseDatabase in Frameworks */,
				C5AECC2D2964D88E0011E4F2 /* FirebaseAuth in Frameworks */,
			);
			runOnlyForDeploymentPostprocessing = 0;
		};
		C51D5AC2290A9E4E00A6C2C1 /* Frameworks */ = {
			isa = PBXFrameworksBuildPhase;
			buildActionMask = 2147483647;
			files = (
			);
			runOnlyForDeploymentPostprocessing = 0;
		};
		C51D5ACC290A9E4E00A6C2C1 /* Frameworks */ = {
			isa = PBXFrameworksBuildPhase;
			buildActionMask = 2147483647;
			files = (
			);
			runOnlyForDeploymentPostprocessing = 0;
		};
/* End PBXFrameworksBuildPhase section */

/* Begin PBXGroup section */
		C51D5AAC290A9E4B00A6C2C1 = {
			isa = PBXGroup;
			children = (
				C51D5AB7290A9E4B00A6C2C1 /* tasked */,
				C51D5AC8290A9E4E00A6C2C1 /* taskedTests */,
				C51D5AD2290A9E4E00A6C2C1 /* taskedUITests */,
				C51D5AB6290A9E4B00A6C2C1 /* Products */,
			);
			sourceTree = "<group>";
		};
		C51D5AB6290A9E4B00A6C2C1 /* Products */ = {
			isa = PBXGroup;
			children = (
				C51D5AB5290A9E4B00A6C2C1 /* tasked.app */,
				C51D5AC5290A9E4E00A6C2C1 /* taskedTests.xctest */,
				C51D5ACF290A9E4E00A6C2C1 /* taskedUITests.xctest */,
			);
			name = Products;
			sourceTree = "<group>";
		};
		C51D5AB7290A9E4B00A6C2C1 /* tasked */ = {
			isa = PBXGroup;
			children = (
				C5AECC242964C4530011E4F2 /* Extras */,
				C522DC81291084A000097296 /* Repository */,
				C522DC702910305700097296 /* ViewModels */,
				C522DC6F291027B200097296 /* Views */,
				C522DC6C291026D500097296 /* Model */,
				C51D5AB8290A9E4B00A6C2C1 /* taskedApp.swift */,
				C51D5ABC290A9E4E00A6C2C1 /* Assets.xcassets */,
				C522DC782910441A00097296 /* GoogleService-Info.plist */,
				C51D5ABE290A9E4E00A6C2C1 /* Preview Content */,
			);
			path = tasked;
			sourceTree = "<group>";
		};
		C51D5ABE290A9E4E00A6C2C1 /* Preview Content */ = {
			isa = PBXGroup;
			children = (
				C51D5ABF290A9E4E00A6C2C1 /* Preview Assets.xcassets */,
			);
			path = "Preview Content";
			sourceTree = "<group>";
		};
		C51D5AC8290A9E4E00A6C2C1 /* taskedTests */ = {
			isa = PBXGroup;
			children = (
				C51D5AC9290A9E4E00A6C2C1 /* taskedTests.swift */,
			);
			path = taskedTests;
			sourceTree = "<group>";
		};
		C51D5AD2290A9E4E00A6C2C1 /* taskedUITests */ = {
			isa = PBXGroup;
			children = (
				C51D5AD3290A9E4E00A6C2C1 /* taskedUITests.swift */,
				C51D5AD5290A9E4E00A6C2C1 /* taskedUITestsLaunchTests.swift */,
			);
			path = taskedUITests;
			sourceTree = "<group>";
		};
		C522DC6C291026D500097296 /* Model */ = {
			isa = PBXGroup;
			children = (
				C522DC6D291026E300097296 /* CustomTask.swift */,
				C5AECDBC296642680011E4F2 /* UserInfo.swift */,
				C5A2B7202969DEFB0066E78C /* CustomInvite.swift */,
			);
			path = Model;
			sourceTree = "<group>";
		};
		C522DC6F291027B200097296 /* Views */ = {
			isa = PBXGroup;
			children = (
				C51D5ABA290A9E4B00A6C2C1 /* MyTasksListView.swift */,
				C5078BAD2948767300BC6A1C /* SharedTasksListView.swift */,
				C55F61492940BCB4001825FA /* AddNewTaskView.swift */,
				C5078BAB2948711C00BC6A1C /* MainView.swift */,
				C5AECC222964C3150011E4F2 /* ProfileView.swift */,
				C5AECC272964C49C0011E4F2 /* SettingsView.swift */,
				C5A2B71C2968C0800066E78C /* AddNewSharedTaskView.swift */,
				C5A2B7222969E9D50066E78C /* InvitesView.swift */,
				C5CCE02D296F5B6F0063A4D8 /* OfflineTasksView.swift */,
				C5CCE02F296F5CA60063A4D8 /* AddNewOfflineTaskView.swift */,
			);
			path = Views;
			sourceTree = "<group>";
		};
		C522DC702910305700097296 /* ViewModels */ = {
			isa = PBXGroup;
			children = (
				C522DC712910307D00097296 /* TaskCellViewModel.swift */,
				C522DC732910331400097296 /* TaskListViewModel.swift */,
				C5AECF652968B3610011E4F2 /* SharedTaskListViewModel.swift */,
				C5AECF672968B39D0011E4F2 /* SharedTaskCellViewModel.swift */,
			);
			path = ViewModels;
			sourceTree = "<group>";
		};
		C522DC81291084A000097296 /* Repository */ = {
			isa = PBXGroup;
			children = (
				C522DC82291084B600097296 /* TaskRepository.swift */,
				C5AECC292964D5290011E4F2 /* StorageManager.swift */,
				C5AECDB7296619980011E4F2 /* UserManager.swift */,
				C5AECF632968AE9B0011E4F2 /* SharedTaskRepository.swift */,
				C5A2B71E2969DECC0066E78C /* TaskInviteRepository.swift */,
				C5A2B724296B42370066E78C /* TaskMembersRepository.swift */,
			);
			path = Repository;
			sourceTree = "<group>";
		};
		C5AECC242964C4530011E4F2 /* Extras */ = {
			isa = PBXGroup;
			children = (
				C5AECC252964C4660011E4F2 /* UserSettings.swift */,
				C5AECC9C2964EC280011E4F2 /* ViewDidLoadModifier.swift */,
				C5AECC9E29656DE50011E4F2 /* UIImage+Extension.swift */,
				C5AECF5D29684B440011E4F2 /* ImageLoader.swift */,
				C5AECF5F29684BD70011E4F2 /* ProfileURLImage.swift */,
				C5CCE031296F7EDD0063A4D8 /* Date+Extension.swift */,
			);
			path = Extras;
			sourceTree = "<group>";
		};
/* End PBXGroup section */

/* Begin PBXNativeTarget section */
		C51D5AB4290A9E4B00A6C2C1 /* tasked */ = {
			isa = PBXNativeTarget;
			buildConfigurationList = C51D5AD9290A9E4E00A6C2C1 /* Build configuration list for PBXNativeTarget "tasked" */;
			buildPhases = (
				C51D5AB1290A9E4B00A6C2C1 /* Sources */,
				C51D5AB2290A9E4B00A6C2C1 /* Frameworks */,
				C51D5AB3290A9E4B00A6C2C1 /* Resources */,
			);
			buildRules = (
			);
			dependencies = (
			);
			name = tasked;
			packageProductDependencies = (
				C5AECC2C2964D88E0011E4F2 /* FirebaseAuth */,
				C5AECC2E2964D88E0011E4F2 /* FirebaseDatabase */,
				C5AECC302964D88E0011E4F2 /* FirebaseDatabaseSwift */,
				C5AECC322964D88E0011E4F2 /* FirebaseFirestore */,
				C5AECC342964D88E0011E4F2 /* FirebaseFirestoreSwift */,
				C5AECC362964D88E0011E4F2 /* FirebaseFunctions */,
				C5AECC382964D88E0011E4F2 /* FirebaseStorage */,
				C5AECDBA2966306A0011E4F2 /* AlertToast */,
			);
			productName = tasked;
			productReference = C51D5AB5290A9E4B00A6C2C1 /* tasked.app */;
			productType = "com.apple.product-type.application";
		};
		C51D5AC4290A9E4E00A6C2C1 /* taskedTests */ = {
			isa = PBXNativeTarget;
			buildConfigurationList = C51D5ADC290A9E4E00A6C2C1 /* Build configuration list for PBXNativeTarget "taskedTests" */;
			buildPhases = (
				C51D5AC1290A9E4E00A6C2C1 /* Sources */,
				C51D5AC2290A9E4E00A6C2C1 /* Frameworks */,
				C51D5AC3290A9E4E00A6C2C1 /* Resources */,
			);
			buildRules = (
			);
			dependencies = (
				C51D5AC7290A9E4E00A6C2C1 /* PBXTargetDependency */,
			);
			name = taskedTests;
			productName = taskedTests;
			productReference = C51D5AC5290A9E4E00A6C2C1 /* taskedTests.xctest */;
			productType = "com.apple.product-type.bundle.unit-test";
		};
		C51D5ACE290A9E4E00A6C2C1 /* taskedUITests */ = {
			isa = PBXNativeTarget;
			buildConfigurationList = C51D5ADF290A9E4E00A6C2C1 /* Build configuration list for PBXNativeTarget "taskedUITests" */;
			buildPhases = (
				C51D5ACB290A9E4E00A6C2C1 /* Sources */,
				C51D5ACC290A9E4E00A6C2C1 /* Frameworks */,
				C51D5ACD290A9E4E00A6C2C1 /* Resources */,
			);
			buildRules = (
			);
			dependencies = (
				C51D5AD1290A9E4E00A6C2C1 /* PBXTargetDependency */,
			);
			name = taskedUITests;
			productName = taskedUITests;
			productReference = C51D5ACF290A9E4E00A6C2C1 /* taskedUITests.xctest */;
			productType = "com.apple.product-type.bundle.ui-testing";
		};
/* End PBXNativeTarget section */

/* Begin PBXProject section */
		C51D5AAD290A9E4B00A6C2C1 /* Project object */ = {
			isa = PBXProject;
			attributes = {
				BuildIndependentTargetsInParallel = 1;
				LastSwiftUpdateCheck = 1340;
				LastUpgradeCheck = 1340;
				TargetAttributes = {
					C51D5AB4290A9E4B00A6C2C1 = {
						CreatedOnToolsVersion = 13.4.1;
					};
					C51D5AC4290A9E4E00A6C2C1 = {
						CreatedOnToolsVersion = 13.4.1;
						TestTargetID = C51D5AB4290A9E4B00A6C2C1;
					};
					C51D5ACE290A9E4E00A6C2C1 = {
						CreatedOnToolsVersion = 13.4.1;
						TestTargetID = C51D5AB4290A9E4B00A6C2C1;
					};
				};
			};
			buildConfigurationList = C51D5AB0290A9E4B00A6C2C1 /* Build configuration list for PBXProject "tasked" */;
			compatibilityVersion = "Xcode 13.0";
			developmentRegion = en;
			hasScannedForEncodings = 0;
			knownRegions = (
				en,
				Base,
			);
			mainGroup = C51D5AAC290A9E4B00A6C2C1;
			packageReferences = (
				C5AECC2B2964D88E0011E4F2 /* XCRemoteSwiftPackageReference "firebase-ios-sdk" */,
				C5AECDB92966306A0011E4F2 /* XCRemoteSwiftPackageReference "AlertToast" */,
			);
			productRefGroup = C51D5AB6290A9E4B00A6C2C1 /* Products */;
			projectDirPath = "";
			projectRoot = "";
			targets = (
				C51D5AB4290A9E4B00A6C2C1 /* tasked */,
				C51D5AC4290A9E4E00A6C2C1 /* taskedTests */,
				C51D5ACE290A9E4E00A6C2C1 /* taskedUITests */,
			);
		};
/* End PBXProject section */

/* Begin PBXResourcesBuildPhase section */
		C51D5AB3290A9E4B00A6C2C1 /* Resources */ = {
			isa = PBXResourcesBuildPhase;
			buildActionMask = 2147483647;
			files = (
				C51D5AC0290A9E4E00A6C2C1 /* Preview Assets.xcassets in Resources */,
				C51D5ABD290A9E4E00A6C2C1 /* Assets.xcassets in Resources */,
				C522DC792910441A00097296 /* GoogleService-Info.plist in Resources */,
			);
			runOnlyForDeploymentPostprocessing = 0;
		};
		C51D5AC3290A9E4E00A6C2C1 /* Resources */ = {
			isa = PBXResourcesBuildPhase;
			buildActionMask = 2147483647;
			files = (
			);
			runOnlyForDeploymentPostprocessing = 0;
		};
		C51D5ACD290A9E4E00A6C2C1 /* Resources */ = {
			isa = PBXResourcesBuildPhase;
			buildActionMask = 2147483647;
			files = (
			);
			runOnlyForDeploymentPostprocessing = 0;
		};
/* End PBXResourcesBuildPhase section */

/* Begin PBXSourcesBuildPhase section */
		C51D5AB1290A9E4B00A6C2C1 /* Sources */ = {
			isa = PBXSourcesBuildPhase;
			buildActionMask = 2147483647;
			files = (
				C5AECC9D2964EC280011E4F2 /* ViewDidLoadModifier.swift in Sources */,
				C5A2B7232969E9D50066E78C /* InvitesView.swift in Sources */,
				C5078BAE2948767300BC6A1C /* SharedTasksListView.swift in Sources */,
				C5AECF662968B3610011E4F2 /* SharedTaskListViewModel.swift in Sources */,
				C522DC83291084B600097296 /* TaskRepository.swift in Sources */,
				C5CCE032296F7EDD0063A4D8 /* Date+Extension.swift in Sources */,
				C5AECC232964C3150011E4F2 /* ProfileView.swift in Sources */,
				C5078BAC2948711C00BC6A1C /* MainView.swift in Sources */,
				C5AECDBD296642680011E4F2 /* UserInfo.swift in Sources */,
				C51D5ABB290A9E4B00A6C2C1 /* MyTasksListView.swift in Sources */,
				C5AECDB8296619980011E4F2 /* UserManager.swift in Sources */,
				C522DC722910307D00097296 /* TaskCellViewModel.swift in Sources */,
				C522DC742910331400097296 /* TaskListViewModel.swift in Sources */,
				C522DC6E291026E300097296 /* CustomTask.swift in Sources */,
				C5A2B725296B42380066E78C /* TaskMembersRepository.swift in Sources */,
				C5AECF642968AE9B0011E4F2 /* SharedTaskRepository.swift in Sources */,
				C5CCE030296F5CA60063A4D8 /* AddNewOfflineTaskView.swift in Sources */,
				C51D5AB9290A9E4B00A6C2C1 /* taskedApp.swift in Sources */,
				C5A2B71D2968C0800066E78C /* AddNewSharedTaskView.swift in Sources */,
				C5AECF682968B39D0011E4F2 /* SharedTaskCellViewModel.swift in Sources */,
				C5AECC9F29656DE50011E4F2 /* UIImage+Extension.swift in Sources */,
				C5AECC282964C49C0011E4F2 /* SettingsView.swift in Sources */,
				C5AECF5E29684B440011E4F2 /* ImageLoader.swift in Sources */,
				C55F614A2940BCB4001825FA /* AddNewTaskView.swift in Sources */,
				C5AECC262964C4660011E4F2 /* UserSettings.swift in Sources */,
				C5AECF6029684BD70011E4F2 /* ProfileURLImage.swift in Sources */,
				C5AECC2A2964D5290011E4F2 /* StorageManager.swift in Sources */,
				C5CCE02E296F5B6F0063A4D8 /* OfflineTasksView.swift in Sources */,
				C5A2B71F2969DECC0066E78C /* TaskInviteRepository.swift in Sources */,
				C5A2B7212969DEFB0066E78C /* CustomInvite.swift in Sources */,
			);
			runOnlyForDeploymentPostprocessing = 0;
		};
		C51D5AC1290A9E4E00A6C2C1 /* Sources */ = {
			isa = PBXSourcesBuildPhase;
			buildActionMask = 2147483647;
			files = (
				C51D5ACA290A9E4E00A6C2C1 /* taskedTests.swift in Sources */,
			);
			runOnlyForDeploymentPostprocessing = 0;
		};
		C51D5ACB290A9E4E00A6C2C1 /* Sources */ = {
			isa = PBXSourcesBuildPhase;
			buildActionMask = 2147483647;
			files = (
				C51D5AD6290A9E4E00A6C2C1 /* taskedUITestsLaunchTests.swift in Sources */,
				C51D5AD4290A9E4E00A6C2C1 /* taskedUITests.swift in Sources */,
			);
			runOnlyForDeploymentPostprocessing = 0;
		};
/* End PBXSourcesBuildPhase section */

/* Begin PBXTargetDependency section */
		C51D5AC7290A9E4E00A6C2C1 /* PBXTargetDependency */ = {
			isa = PBXTargetDependency;
			target = C51D5AB4290A9E4B00A6C2C1 /* tasked */;
			targetProxy = C51D5AC6290A9E4E00A6C2C1 /* PBXContainerItemProxy */;
		};
		C51D5AD1290A9E4E00A6C2C1 /* PBXTargetDependency */ = {
			isa = PBXTargetDependency;
			target = C51D5AB4290A9E4B00A6C2C1 /* tasked */;
			targetProxy = C51D5AD0290A9E4E00A6C2C1 /* PBXContainerItemProxy */;
		};
/* End PBXTargetDependency section */

/* Begin XCBuildConfiguration section */
		C51D5AD7290A9E4E00A6C2C1 /* Debug */ = {
			isa = XCBuildConfiguration;
			buildSettings = {
				ALWAYS_SEARCH_USER_PATHS = NO;
				CLANG_ANALYZER_NONNULL = YES;
				CLANG_ANALYZER_NUMBER_OBJECT_CONVERSION = YES_AGGRESSIVE;
				CLANG_CXX_LANGUAGE_STANDARD = "gnu++17";
				CLANG_ENABLE_MODULES = YES;
				CLANG_ENABLE_OBJC_ARC = YES;
				CLANG_ENABLE_OBJC_WEAK = YES;
				CLANG_WARN_BLOCK_CAPTURE_AUTORELEASING = YES;
				CLANG_WARN_BOOL_CONVERSION = YES;
				CLANG_WARN_COMMA = YES;
				CLANG_WARN_CONSTANT_CONVERSION = YES;
				CLANG_WARN_DEPRECATED_OBJC_IMPLEMENTATIONS = YES;
				CLANG_WARN_DIRECT_OBJC_ISA_USAGE = YES_ERROR;
				CLANG_WARN_DOCUMENTATION_COMMENTS = YES;
				CLANG_WARN_EMPTY_BODY = YES;
				CLANG_WARN_ENUM_CONVERSION = YES;
				CLANG_WARN_INFINITE_RECURSION = YES;
				CLANG_WARN_INT_CONVERSION = YES;
				CLANG_WARN_NON_LITERAL_NULL_CONVERSION = YES;
				CLANG_WARN_OBJC_IMPLICIT_RETAIN_SELF = YES;
				CLANG_WARN_OBJC_LITERAL_CONVERSION = YES;
				CLANG_WARN_OBJC_ROOT_CLASS = YES_ERROR;
				CLANG_WARN_QUOTED_INCLUDE_IN_FRAMEWORK_HEADER = YES;
				CLANG_WARN_RANGE_LOOP_ANALYSIS = YES;
				CLANG_WARN_STRICT_PROTOTYPES = YES;
				CLANG_WARN_SUSPICIOUS_MOVE = YES;
				CLANG_WARN_UNGUARDED_AVAILABILITY = YES_AGGRESSIVE;
				CLANG_WARN_UNREACHABLE_CODE = YES;
				CLANG_WARN__DUPLICATE_METHOD_MATCH = YES;
				COPY_PHASE_STRIP = NO;
				DEBUG_INFORMATION_FORMAT = dwarf;
				ENABLE_STRICT_OBJC_MSGSEND = YES;
				ENABLE_TESTABILITY = YES;
				GCC_C_LANGUAGE_STANDARD = gnu11;
				GCC_DYNAMIC_NO_PIC = NO;
				GCC_NO_COMMON_BLOCKS = YES;
				GCC_OPTIMIZATION_LEVEL = 0;
				GCC_PREPROCESSOR_DEFINITIONS = (
					"DEBUG=1",
					"$(inherited)",
				);
				GCC_WARN_64_TO_32_BIT_CONVERSION = YES;
				GCC_WARN_ABOUT_RETURN_TYPE = YES_ERROR;
				GCC_WARN_UNDECLARED_SELECTOR = YES;
				GCC_WARN_UNINITIALIZED_AUTOS = YES_AGGRESSIVE;
				GCC_WARN_UNUSED_FUNCTION = YES;
				GCC_WARN_UNUSED_VARIABLE = YES;
				IPHONEOS_DEPLOYMENT_TARGET = 16.0;
				MTL_ENABLE_DEBUG_INFO = INCLUDE_SOURCE;
				MTL_FAST_MATH = YES;
				ONLY_ACTIVE_ARCH = YES;
				SDKROOT = iphoneos;
				SWIFT_ACTIVE_COMPILATION_CONDITIONS = DEBUG;
				SWIFT_OPTIMIZATION_LEVEL = "-Onone";
			};
			name = Debug;
		};
		C51D5AD8290A9E4E00A6C2C1 /* Release */ = {
			isa = XCBuildConfiguration;
			buildSettings = {
				ALWAYS_SEARCH_USER_PATHS = NO;
				CLANG_ANALYZER_NONNULL = YES;
				CLANG_ANALYZER_NUMBER_OBJECT_CONVERSION = YES_AGGRESSIVE;
				CLANG_CXX_LANGUAGE_STANDARD = "gnu++17";
				CLANG_ENABLE_MODULES = YES;
				CLANG_ENABLE_OBJC_ARC = YES;
				CLANG_ENABLE_OBJC_WEAK = YES;
				CLANG_WARN_BLOCK_CAPTURE_AUTORELEASING = YES;
				CLANG_WARN_BOOL_CONVERSION = YES;
				CLANG_WARN_COMMA = YES;
				CLANG_WARN_CONSTANT_CONVERSION = YES;
				CLANG_WARN_DEPRECATED_OBJC_IMPLEMENTATIONS = YES;
				CLANG_WARN_DIRECT_OBJC_ISA_USAGE = YES_ERROR;
				CLANG_WARN_DOCUMENTATION_COMMENTS = YES;
				CLANG_WARN_EMPTY_BODY = YES;
				CLANG_WARN_ENUM_CONVERSION = YES;
				CLANG_WARN_INFINITE_RECURSION = YES;
				CLANG_WARN_INT_CONVERSION = YES;
				CLANG_WARN_NON_LITERAL_NULL_CONVERSION = YES;
				CLANG_WARN_OBJC_IMPLICIT_RETAIN_SELF = YES;
				CLANG_WARN_OBJC_LITERAL_CONVERSION = YES;
				CLANG_WARN_OBJC_ROOT_CLASS = YES_ERROR;
				CLANG_WARN_QUOTED_INCLUDE_IN_FRAMEWORK_HEADER = YES;
				CLANG_WARN_RANGE_LOOP_ANALYSIS = YES;
				CLANG_WARN_STRICT_PROTOTYPES = YES;
				CLANG_WARN_SUSPICIOUS_MOVE = YES;
				CLANG_WARN_UNGUARDED_AVAILABILITY = YES_AGGRESSIVE;
				CLANG_WARN_UNREACHABLE_CODE = YES;
				CLANG_WARN__DUPLICATE_METHOD_MATCH = YES;
				COPY_PHASE_STRIP = NO;
				DEBUG_INFORMATION_FORMAT = "dwarf-with-dsym";
				ENABLE_NS_ASSERTIONS = NO;
				ENABLE_STRICT_OBJC_MSGSEND = YES;
				GCC_C_LANGUAGE_STANDARD = gnu11;
				GCC_NO_COMMON_BLOCKS = YES;
				GCC_WARN_64_TO_32_BIT_CONVERSION = YES;
				GCC_WARN_ABOUT_RETURN_TYPE = YES_ERROR;
				GCC_WARN_UNDECLARED_SELECTOR = YES;
				GCC_WARN_UNINITIALIZED_AUTOS = YES_AGGRESSIVE;
				GCC_WARN_UNUSED_FUNCTION = YES;
				GCC_WARN_UNUSED_VARIABLE = YES;
				IPHONEOS_DEPLOYMENT_TARGET = 16.0;
				MTL_ENABLE_DEBUG_INFO = NO;
				MTL_FAST_MATH = YES;
				SDKROOT = iphoneos;
				SWIFT_COMPILATION_MODE = wholemodule;
				SWIFT_OPTIMIZATION_LEVEL = "-O";
				VALIDATE_PRODUCT = YES;
			};
			name = Release;
		};
		C51D5ADA290A9E4E00A6C2C1 /* Debug */ = {
			isa = XCBuildConfiguration;
			buildSettings = {
				ASSETCATALOG_COMPILER_APPICON_NAME = AppIcon;
				ASSETCATALOG_COMPILER_GLOBAL_ACCENT_COLOR_NAME = AccentColor;
				CODE_SIGN_STYLE = Automatic;
				CURRENT_PROJECT_VERSION = 1;
				DEVELOPMENT_ASSET_PATHS = "\"tasked/Preview Content\"";
				DEVELOPMENT_TEAM = 66XCJU8PN9;
				ENABLE_PREVIEWS = YES;
				GENERATE_INFOPLIST_FILE = YES;
				INFOPLIST_KEY_CFBundleDisplayName = "tasked!";
				INFOPLIST_KEY_UIApplicationSceneManifest_Generation = YES;
				INFOPLIST_KEY_UIApplicationSupportsIndirectInputEvents = YES;
				INFOPLIST_KEY_UILaunchScreen_Generation = YES;
				INFOPLIST_KEY_UISupportedInterfaceOrientations_iPad = "UIInterfaceOrientationPortrait UIInterfaceOrientationPortraitUpsideDown UIInterfaceOrientationLandscapeLeft UIInterfaceOrientationLandscapeRight";
				INFOPLIST_KEY_UISupportedInterfaceOrientations_iPhone = "UIInterfaceOrientationPortrait UIInterfaceOrientationLandscapeLeft UIInterfaceOrientationLandscapeRight";
				LD_RUNPATH_SEARCH_PATHS = (
					"$(inherited)",
					"@executable_path/Frameworks",
				);
				MARKETING_VERSION = 1.0;
				PRODUCT_BUNDLE_IDENTIFIER = DMT.tasked;
				PRODUCT_NAME = "$(TARGET_NAME)";
				SWIFT_EMIT_LOC_STRINGS = YES;
				SWIFT_VERSION = 5.0;
				TARGETED_DEVICE_FAMILY = "1,2";
			};
			name = Debug;
		};
		C51D5ADB290A9E4E00A6C2C1 /* Release */ = {
			isa = XCBuildConfiguration;
			buildSettings = {
				ASSETCATALOG_COMPILER_APPICON_NAME = AppIcon;
				ASSETCATALOG_COMPILER_GLOBAL_ACCENT_COLOR_NAME = AccentColor;
				CODE_SIGN_STYLE = Automatic;
				CURRENT_PROJECT_VERSION = 1;
				DEVELOPMENT_ASSET_PATHS = "\"tasked/Preview Content\"";
				DEVELOPMENT_TEAM = 66XCJU8PN9;
				ENABLE_PREVIEWS = YES;
				GENERATE_INFOPLIST_FILE = YES;
				INFOPLIST_KEY_CFBundleDisplayName = "tasked!";
				INFOPLIST_KEY_UIApplicationSceneManifest_Generation = YES;
				INFOPLIST_KEY_UIApplicationSupportsIndirectInputEvents = YES;
				INFOPLIST_KEY_UILaunchScreen_Generation = YES;
				INFOPLIST_KEY_UISupportedInterfaceOrientations_iPad = "UIInterfaceOrientationPortrait UIInterfaceOrientationPortraitUpsideDown UIInterfaceOrientationLandscapeLeft UIInterfaceOrientationLandscapeRight";
				INFOPLIST_KEY_UISupportedInterfaceOrientations_iPhone = "UIInterfaceOrientationPortrait UIInterfaceOrientationLandscapeLeft UIInterfaceOrientationLandscapeRight";
				LD_RUNPATH_SEARCH_PATHS = (
					"$(inherited)",
					"@executable_path/Frameworks",
				);
				MARKETING_VERSION = 1.0;
				PRODUCT_BUNDLE_IDENTIFIER = DMT.tasked;
				PRODUCT_NAME = "$(TARGET_NAME)";
				SWIFT_EMIT_LOC_STRINGS = YES;
				SWIFT_VERSION = 5.0;
				TARGETED_DEVICE_FAMILY = "1,2";
			};
			name = Release;
		};
		C51D5ADD290A9E4E00A6C2C1 /* Debug */ = {
			isa = XCBuildConfiguration;
			buildSettings = {
				ALWAYS_EMBED_SWIFT_STANDARD_LIBRARIES = YES;
				BUNDLE_LOADER = "$(TEST_HOST)";
				CODE_SIGN_STYLE = Automatic;
				CURRENT_PROJECT_VERSION = 1;
				GENERATE_INFOPLIST_FILE = YES;
				IPHONEOS_DEPLOYMENT_TARGET = 15.5;
				MARKETING_VERSION = 1.0;
				PRODUCT_BUNDLE_IDENTIFIER = DMT.taskedTests;
				PRODUCT_NAME = "$(TARGET_NAME)";
				SWIFT_EMIT_LOC_STRINGS = NO;
				SWIFT_VERSION = 5.0;
				TARGETED_DEVICE_FAMILY = "1,2";
				TEST_HOST = "$(BUILT_PRODUCTS_DIR)/tasked.app/tasked";
			};
			name = Debug;
		};
		C51D5ADE290A9E4E00A6C2C1 /* Release */ = {
			isa = XCBuildConfiguration;
			buildSettings = {
				ALWAYS_EMBED_SWIFT_STANDARD_LIBRARIES = YES;
				BUNDLE_LOADER = "$(TEST_HOST)";
				CODE_SIGN_STYLE = Automatic;
				CURRENT_PROJECT_VERSION = 1;
				GENERATE_INFOPLIST_FILE = YES;
				IPHONEOS_DEPLOYMENT_TARGET = 15.5;
				MARKETING_VERSION = 1.0;
				PRODUCT_BUNDLE_IDENTIFIER = DMT.taskedTests;
				PRODUCT_NAME = "$(TARGET_NAME)";
				SWIFT_EMIT_LOC_STRINGS = NO;
				SWIFT_VERSION = 5.0;
				TARGETED_DEVICE_FAMILY = "1,2";
				TEST_HOST = "$(BUILT_PRODUCTS_DIR)/tasked.app/tasked";
			};
			name = Release;
		};
		C51D5AE0290A9E4E00A6C2C1 /* Debug */ = {
			isa = XCBuildConfiguration;
			buildSettings = {
				ALWAYS_EMBED_SWIFT_STANDARD_LIBRARIES = YES;
				CODE_SIGN_STYLE = Automatic;
				CURRENT_PROJECT_VERSION = 1;
				GENERATE_INFOPLIST_FILE = YES;
				MARKETING_VERSION = 1.0;
				PRODUCT_BUNDLE_IDENTIFIER = DMT.taskedUITests;
				PRODUCT_NAME = "$(TARGET_NAME)";
				SWIFT_EMIT_LOC_STRINGS = NO;
				SWIFT_VERSION = 5.0;
				TARGETED_DEVICE_FAMILY = "1,2";
				TEST_TARGET_NAME = tasked;
			};
			name = Debug;
		};
		C51D5AE1290A9E4E00A6C2C1 /* Release */ = {
			isa = XCBuildConfiguration;
			buildSettings = {
				ALWAYS_EMBED_SWIFT_STANDARD_LIBRARIES = YES;
				CODE_SIGN_STYLE = Automatic;
				CURRENT_PROJECT_VERSION = 1;
				GENERATE_INFOPLIST_FILE = YES;
				MARKETING_VERSION = 1.0;
				PRODUCT_BUNDLE_IDENTIFIER = DMT.taskedUITests;
				PRODUCT_NAME = "$(TARGET_NAME)";
				SWIFT_EMIT_LOC_STRINGS = NO;
				SWIFT_VERSION = 5.0;
				TARGETED_DEVICE_FAMILY = "1,2";
				TEST_TARGET_NAME = tasked;
			};
			name = Release;
		};
/* End XCBuildConfiguration section */

/* Begin XCConfigurationList section */
		C51D5AB0290A9E4B00A6C2C1 /* Build configuration list for PBXProject "tasked" */ = {
			isa = XCConfigurationList;
			buildConfigurations = (
				C51D5AD7290A9E4E00A6C2C1 /* Debug */,
				C51D5AD8290A9E4E00A6C2C1 /* Release */,
			);
			defaultConfigurationIsVisible = 0;
			defaultConfigurationName = Release;
		};
		C51D5AD9290A9E4E00A6C2C1 /* Build configuration list for PBXNativeTarget "tasked" */ = {
			isa = XCConfigurationList;
			buildConfigurations = (
				C51D5ADA290A9E4E00A6C2C1 /* Debug */,
				C51D5ADB290A9E4E00A6C2C1 /* Release */,
			);
			defaultConfigurationIsVisible = 0;
			defaultConfigurationName = Release;
		};
		C51D5ADC290A9E4E00A6C2C1 /* Build configuration list for PBXNativeTarget "taskedTests" */ = {
			isa = XCConfigurationList;
			buildConfigurations = (
				C51D5ADD290A9E4E00A6C2C1 /* Debug */,
				C51D5ADE290A9E4E00A6C2C1 /* Release */,
			);
			defaultConfigurationIsVisible = 0;
			defaultConfigurationName = Release;
		};
		C51D5ADF290A9E4E00A6C2C1 /* Build configuration list for PBXNativeTarget "taskedUITests" */ = {
			isa = XCConfigurationList;
			buildConfigurations = (
				C51D5AE0290A9E4E00A6C2C1 /* Debug */,
				C51D5AE1290A9E4E00A6C2C1 /* Release */,
			);
			defaultConfigurationIsVisible = 0;
			defaultConfigurationName = Release;
		};
/* End XCConfigurationList section */

/* Begin XCRemoteSwiftPackageReference section */
		C5AECC2B2964D88E0011E4F2 /* XCRemoteSwiftPackageReference "firebase-ios-sdk" */ = {
			isa = XCRemoteSwiftPackageReference;
			repositoryURL = "https://github.com/firebase/firebase-ios-sdk";
			requirement = {
				branch = master;
				kind = branch;
			};
		};
		C5AECDB92966306A0011E4F2 /* XCRemoteSwiftPackageReference "AlertToast" */ = {
			isa = XCRemoteSwiftPackageReference;
			repositoryURL = "https://github.com/elai950/AlertToast.git";
			requirement = {
				kind = upToNextMajorVersion;
				minimumVersion = 1.0.0;
			};
		};
/* End XCRemoteSwiftPackageReference section */

/* Begin XCSwiftPackageProductDependency section */
		C5AECC2C2964D88E0011E4F2 /* FirebaseAuth */ = {
			isa = XCSwiftPackageProductDependency;
			package = C5AECC2B2964D88E0011E4F2 /* XCRemoteSwiftPackageReference "firebase-ios-sdk" */;
			productName = FirebaseAuth;
		};
		C5AECC2E2964D88E0011E4F2 /* FirebaseDatabase */ = {
			isa = XCSwiftPackageProductDependency;
			package = C5AECC2B2964D88E0011E4F2 /* XCRemoteSwiftPackageReference "firebase-ios-sdk" */;
			productName = FirebaseDatabase;
		};
		C5AECC302964D88E0011E4F2 /* FirebaseDatabaseSwift */ = {
			isa = XCSwiftPackageProductDependency;
			package = C5AECC2B2964D88E0011E4F2 /* XCRemoteSwiftPackageReference "firebase-ios-sdk" */;
			productName = FirebaseDatabaseSwift;
		};
		C5AECC322964D88E0011E4F2 /* FirebaseFirestore */ = {
			isa = XCSwiftPackageProductDependency;
			package = C5AECC2B2964D88E0011E4F2 /* XCRemoteSwiftPackageReference "firebase-ios-sdk" */;
			productName = FirebaseFirestore;
		};
		C5AECC342964D88E0011E4F2 /* FirebaseFirestoreSwift */ = {
			isa = XCSwiftPackageProductDependency;
			package = C5AECC2B2964D88E0011E4F2 /* XCRemoteSwiftPackageReference "firebase-ios-sdk" */;
			productName = FirebaseFirestoreSwift;
		};
		C5AECC362964D88E0011E4F2 /* FirebaseFunctions */ = {
			isa = XCSwiftPackageProductDependency;
			package = C5AECC2B2964D88E0011E4F2 /* XCRemoteSwiftPackageReference "firebase-ios-sdk" */;
			productName = FirebaseFunctions;
		};
		C5AECC382964D88E0011E4F2 /* FirebaseStorage */ = {
			isa = XCSwiftPackageProductDependency;
			package = C5AECC2B2964D88E0011E4F2 /* XCRemoteSwiftPackageReference "firebase-ios-sdk" */;
			productName = FirebaseStorage;
		};
		C5AECDBA2966306A0011E4F2 /* AlertToast */ = {
			isa = XCSwiftPackageProductDependency;
			package = C5AECDB92966306A0011E4F2 /* XCRemoteSwiftPackageReference "AlertToast" */;
			productName = AlertToast;
		};
/* End XCSwiftPackageProductDependency section */
	};
	rootObject = C51D5AAD290A9E4B00A6C2C1 /* Project object */;
}
